// !$*UTF8*$!
{
	archiveVersion = 1;
	classes = {
	};
	objectVersion = 50;
	objects = {

/* Begin PBXBuildFile section */
		8CA81DC725EB759C00DB5C44 /* AppDelegate.swift in Sources */ = {isa = PBXBuildFile; fileRef = 8CA81DC625EB759C00DB5C44 /* AppDelegate.swift */; };
		8CA81DC925EB759C00DB5C44 /* ViewController.swift in Sources */ = {isa = PBXBuildFile; fileRef = 8CA81DC825EB759C00DB5C44 /* ViewController.swift */; };
		8CA81DCB25EB759C00DB5C44 /* Experience.rcproject in Sources */ = {isa = PBXBuildFile; fileRef = 8CA81DCA25EB759C00DB5C44 /* Experience.rcproject */; };
		8CA81DCE25EB759C00DB5C44 /* Main.storyboard in Resources */ = {isa = PBXBuildFile; fileRef = 8CA81DCC25EB759C00DB5C44 /* Main.storyboard */; };
		8CA81DD025EB759D00DB5C44 /* Assets.xcassets in Resources */ = {isa = PBXBuildFile; fileRef = 8CA81DCF25EB759D00DB5C44 /* Assets.xcassets */; };
		8CA81DD325EB759D00DB5C44 /* LaunchScreen.storyboard in Resources */ = {isa = PBXBuildFile; fileRef = 8CA81DD125EB759D00DB5C44 /* LaunchScreen.storyboard */; };
		8CA81DDE25EB759D00DB5C44 /* cardviewTests.swift in Sources */ = {isa = PBXBuildFile; fileRef = 8CA81DDD25EB759D00DB5C44 /* cardviewTests.swift */; };
		8CA81DE925EB759D00DB5C44 /* cardviewUITests.swift in Sources */ = {isa = PBXBuildFile; fileRef = 8CA81DE825EB759D00DB5C44 /* cardviewUITests.swift */; };
/* End PBXBuildFile section */

/* Begin PBXContainerItemProxy section */
		8CA81DDA25EB759D00DB5C44 /* PBXContainerItemProxy */ = {
			isa = PBXContainerItemProxy;
			containerPortal = 8CA81DBB25EB759C00DB5C44 /* Project object */;
			proxyType = 1;
			remoteGlobalIDString = 8CA81DC225EB759C00DB5C44;
			remoteInfo = cardview;
		};
		8CA81DE525EB759D00DB5C44 /* PBXContainerItemProxy */ = {
			isa = PBXContainerItemProxy;
			containerPortal = 8CA81DBB25EB759C00DB5C44 /* Project object */;
			proxyType = 1;
			remoteGlobalIDString = 8CA81DC225EB759C00DB5C44;
			remoteInfo = cardview;
		};
/* End PBXContainerItemProxy section */

/* Begin PBXFileReference section */
		8CA81DC325EB759C00DB5C44 /* cardview.app */ = {isa = PBXFileReference; explicitFileType = wrapper.application; includeInIndex = 0; path = cardview.app; sourceTree = BUILT_PRODUCTS_DIR; };
		8CA81DC625EB759C00DB5C44 /* AppDelegate.swift */ = {isa = PBXFileReference; lastKnownFileType = sourcecode.swift; path = AppDelegate.swift; sourceTree = "<group>"; };
		8CA81DC825EB759C00DB5C44 /* ViewController.swift */ = {isa = PBXFileReference; lastKnownFileType = sourcecode.swift; path = ViewController.swift; sourceTree = "<group>"; };
		8CA81DCA25EB759C00DB5C44 /* Experience.rcproject */ = {isa = PBXFileReference; lastKnownFileType = file.rcproject; path = Experience.rcproject; sourceTree = "<group>"; };
		8CA81DCD25EB759C00DB5C44 /* Base */ = {isa = PBXFileReference; lastKnownFileType = file.storyboard; name = Base; path = Base.lproj/Main.storyboard; sourceTree = "<group>"; };
		8CA81DCF25EB759D00DB5C44 /* Assets.xcassets */ = {isa = PBXFileReference; lastKnownFileType = folder.assetcatalog; path = Assets.xcassets; sourceTree = "<group>"; };
		8CA81DD225EB759D00DB5C44 /* Base */ = {isa = PBXFileReference; lastKnownFileType = file.storyboard; name = Base; path = Base.lproj/LaunchScreen.storyboard; sourceTree = "<group>"; };
		8CA81DD425EB759D00DB5C44 /* Info.plist */ = {isa = PBXFileReference; lastKnownFileType = text.plist.xml; path = Info.plist; sourceTree = "<group>"; };
		8CA81DD925EB759D00DB5C44 /* cardviewTests.xctest */ = {isa = PBXFileReference; explicitFileType = wrapper.cfbundle; includeInIndex = 0; path = cardviewTests.xctest; sourceTree = BUILT_PRODUCTS_DIR; };
		8CA81DDD25EB759D00DB5C44 /* cardviewTests.swift */ = {isa = PBXFileReference; lastKnownFileType = sourcecode.swift; path = cardviewTests.swift; sourceTree = "<group>"; };
		8CA81DDF25EB759D00DB5C44 /* Info.plist */ = {isa = PBXFileReference; lastKnownFileType = text.plist.xml; path = Info.plist; sourceTree = "<group>"; };
		8CA81DE425EB759D00DB5C44 /* cardviewUITests.xctest */ = {isa = PBXFileReference; explicitFileType = wrapper.cfbundle; includeInIndex = 0; path = cardviewUITests.xctest; sourceTree = BUILT_PRODUCTS_DIR; };
		8CA81DE825EB759D00DB5C44 /* cardviewUITests.swift */ = {isa = PBXFileReference; lastKnownFileType = sourcecode.swift; path = cardviewUITests.swift; sourceTree = "<group>"; };
		8CA81DEA25EB759D00DB5C44 /* Info.plist */ = {isa = PBXFileReference; lastKnownFileType = text.plist.xml; path = Info.plist; sourceTree = "<group>"; };
/* End PBXFileReference section */

/* Begin PBXFrameworksBuildPhase section */
		8CA81DC025EB759C00DB5C44 /* Frameworks */ = {
			isa = PBXFrameworksBuildPhase;
			buildActionMask = 2147483647;
			files = (
			);
			runOnlyForDeploymentPostprocessing = 0;
		};
		8CA81DD625EB759D00DB5C44 /* Frameworks */ = {
			isa = PBXFrameworksBuildPhase;
			buildActionMask = 2147483647;
			files = (
			);
			runOnlyForDeploymentPostprocessing = 0;
		};
		8CA81DE125EB759D00DB5C44 /* Frameworks */ = {
			isa = PBXFrameworksBuildPhase;
			buildActionMask = 2147483647;
			files = (
			);
			runOnlyForDeploymentPostprocessing = 0;
		};
/* End PBXFrameworksBuildPhase section */

/* Begin PBXGroup section */
		8CA81DBA25EB759C00DB5C44 = {
			isa = PBXGroup;
			children = (
				8CA81DC525EB759C00DB5C44 /* cardview */,
				8CA81DDC25EB759D00DB5C44 /* cardviewTests */,
				8CA81DE725EB759D00DB5C44 /* cardviewUITests */,
				8CA81DC425EB759C00DB5C44 /* Products */,
			);
			sourceTree = "<group>";
		};
		8CA81DC425EB759C00DB5C44 /* Products */ = {
			isa = PBXGroup;
			children = (
				8CA81DC325EB759C00DB5C44 /* cardview.app */,
				8CA81DD925EB759D00DB5C44 /* cardviewTests.xctest */,
				8CA81DE425EB759D00DB5C44 /* cardviewUITests.xctest */,
			);
			name = Products;
			sourceTree = "<group>";
		};
		8CA81DC525EB759C00DB5C44 /* cardview */ = {
			isa = PBXGroup;
			children = (
				8CA81DC625EB759C00DB5C44 /* AppDelegate.swift */,
				8CA81DC825EB759C00DB5C44 /* ViewController.swift */,
				8CA81DCA25EB759C00DB5C44 /* Experience.rcproject */,
				8CA81DCC25EB759C00DB5C44 /* Main.storyboard */,
				8CA81DCF25EB759D00DB5C44 /* Assets.xcassets */,
				8CA81DD125EB759D00DB5C44 /* LaunchScreen.storyboard */,
				8CA81DD425EB759D00DB5C44 /* Info.plist */,
			);
			path = cardview;
			sourceTree = "<group>";
		};
		8CA81DDC25EB759D00DB5C44 /* cardviewTests */ = {
			isa = PBXGroup;
			children = (
				8CA81DDD25EB759D00DB5C44 /* cardviewTests.swift */,
				8CA81DDF25EB759D00DB5C44 /* Info.plist */,
			);
			path = cardviewTests;
			sourceTree = "<group>";
		};
		8CA81DE725EB759D00DB5C44 /* cardviewUITests */ = {
			isa = PBXGroup;
			children = (
				8CA81DE825EB759D00DB5C44 /* cardviewUITests.swift */,
				8CA81DEA25EB759D00DB5C44 /* Info.plist */,
			);
			path = cardviewUITests;
			sourceTree = "<group>";
		};
/* End PBXGroup section */

/* Begin PBXNativeTarget section */
		8CA81DC225EB759C00DB5C44 /* cardview */ = {
			isa = PBXNativeTarget;
			buildConfigurationList = 8CA81DED25EB759D00DB5C44 /* Build configuration list for PBXNativeTarget "cardview" */;
			buildPhases = (
				8CA81DBF25EB759C00DB5C44 /* Sources */,
				8CA81DC025EB759C00DB5C44 /* Frameworks */,
				8CA81DC125EB759C00DB5C44 /* Resources */,
			);
			buildRules = (
			);
			dependencies = (
			);
			name = cardview;
			productName = cardview;
			productReference = 8CA81DC325EB759C00DB5C44 /* cardview.app */;
			productType = "com.apple.product-type.application";
		};
		8CA81DD825EB759D00DB5C44 /* cardviewTests */ = {
			isa = PBXNativeTarget;
			buildConfigurationList = 8CA81DF025EB759D00DB5C44 /* Build configuration list for PBXNativeTarget "cardviewTests" */;
			buildPhases = (
				8CA81DD525EB759D00DB5C44 /* Sources */,
				8CA81DD625EB759D00DB5C44 /* Frameworks */,
				8CA81DD725EB759D00DB5C44 /* Resources */,
			);
			buildRules = (
			);
			dependencies = (
				8CA81DDB25EB759D00DB5C44 /* PBXTargetDependency */,
			);
			name = cardviewTests;
			productName = cardviewTests;
			productReference = 8CA81DD925EB759D00DB5C44 /* cardviewTests.xctest */;
			productType = "com.apple.product-type.bundle.unit-test";
		};
		8CA81DE325EB759D00DB5C44 /* cardviewUITests */ = {
			isa = PBXNativeTarget;
			buildConfigurationList = 8CA81DF325EB759D00DB5C44 /* Build configuration list for PBXNativeTarget "cardviewUITests" */;
			buildPhases = (
				8CA81DE025EB759D00DB5C44 /* Sources */,
				8CA81DE125EB759D00DB5C44 /* Frameworks */,
				8CA81DE225EB759D00DB5C44 /* Resources */,
			);
			buildRules = (
			);
			dependencies = (
				8CA81DE625EB759D00DB5C44 /* PBXTargetDependency */,
			);
			name = cardviewUITests;
			productName = cardviewUITests;
			productReference = 8CA81DE425EB759D00DB5C44 /* cardviewUITests.xctest */;
			productType = "com.apple.product-type.bundle.ui-testing";
		};
/* End PBXNativeTarget section */

/* Begin PBXProject section */
		8CA81DBB25EB759C00DB5C44 /* Project object */ = {
			isa = PBXProject;
			attributes = {
				LastSwiftUpdateCheck = 1240;
				LastUpgradeCheck = 1240;
				TargetAttributes = {
					8CA81DC225EB759C00DB5C44 = {
						CreatedOnToolsVersion = 12.4;
					};
					8CA81DD825EB759D00DB5C44 = {
						CreatedOnToolsVersion = 12.4;
						TestTargetID = 8CA81DC225EB759C00DB5C44;
					};
					8CA81DE325EB759D00DB5C44 = {
						CreatedOnToolsVersion = 12.4;
						TestTargetID = 8CA81DC225EB759C00DB5C44;
					};
				};
			};
			buildConfigurationList = 8CA81DBE25EB759C00DB5C44 /* Build configuration list for PBXProject "cardview" */;
			compatibilityVersion = "Xcode 9.3";
			developmentRegion = en;
			hasScannedForEncodings = 0;
			knownRegions = (
				en,
				Base,
			);
			mainGroup = 8CA81DBA25EB759C00DB5C44;
			productRefGroup = 8CA81DC425EB759C00DB5C44 /* Products */;
			projectDirPath = "";
			projectRoot = "";
			targets = (
				8CA81DC225EB759C00DB5C44 /* cardview */,
				8CA81DD825EB759D00DB5C44 /* cardviewTests */,
				8CA81DE325EB759D00DB5C44 /* cardviewUITests */,
			);
		};
/* End PBXProject section */

/* Begin PBXResourcesBuildPhase section */
		8CA81DC125EB759C00DB5C44 /* Resources */ = {
			isa = PBXResourcesBuildPhase;
			buildActionMask = 2147483647;
			files = (
				8CA81DD325EB759D00DB5C44 /* LaunchScreen.storyboard in Resources */,
				8CA81DD025EB759D00DB5C44 /* Assets.xcassets in Resources */,
				8CA81DCE25EB759C00DB5C44 /* Main.storyboard in Resources */,
			);
			runOnlyForDeploymentPostprocessing = 0;
		};
		8CA81DD725EB759D00DB5C44 /* Resources */ = {
			isa = PBXResourcesBuildPhase;
			buildActionMask = 2147483647;
			files = (
			);
			runOnlyForDeploymentPostprocessing = 0;
		};
		8CA81DE225EB759D00DB5C44 /* Resources */ = {
			isa = PBXResourcesBuildPhase;
			buildActionMask = 2147483647;
			files = (
			);
			runOnlyForDeploymentPostprocessing = 0;
		};
/* End PBXResourcesBuildPhase section */

/* Begin PBXSourcesBuildPhase section */
		8CA81DBF25EB759C00DB5C44 /* Sources */ = {
			isa = PBXSourcesBuildPhase;
			buildActionMask = 2147483647;
			files = (
				8CA81DC925EB759C00DB5C44 /* ViewController.swift in Sources */,
				8CA81DC725EB759C00DB5C44 /* AppDelegate.swift in Sources */,
				8CA81DCB25EB759C00DB5C44 /* Experience.rcproject in Sources */,
			);
			runOnlyForDeploymentPostprocessing = 0;
		};
		8CA81DD525EB759D00DB5C44 /* Sources */ = {
			isa = PBXSourcesBuildPhase;
			buildActionMask = 2147483647;
			files = (
				8CA81DDE25EB759D00DB5C44 /* cardviewTests.swift in Sources */,
			);
			runOnlyForDeploymentPostprocessing = 0;
		};
		8CA81DE025EB759D00DB5C44 /* Sources */ = {
			isa = PBXSourcesBuildPhase;
			buildActionMask = 2147483647;
			files = (
				8CA81DE925EB759D00DB5C44 /* cardviewUITests.swift in Sources */,
			);
			runOnlyForDeploymentPostprocessing = 0;
		};
/* End PBXSourcesBuildPhase section */

/* Begin PBXTargetDependency section */
		8CA81DDB25EB759D00DB5C44 /* PBXTargetDependency */ = {
			isa = PBXTargetDependency;
			target = 8CA81DC225EB759C00DB5C44 /* cardview */;
			targetProxy = 8CA81DDA25EB759D00DB5C44 /* PBXContainerItemProxy */;
		};
		8CA81DE625EB759D00DB5C44 /* PBXTargetDependency */ = {
			isa = PBXTargetDependency;
			target = 8CA81DC225EB759C00DB5C44 /* cardview */;
			targetProxy = 8CA81DE525EB759D00DB5C44 /* PBXContainerItemProxy */;
		};
/* End PBXTargetDependency section */

/* Begin PBXVariantGroup section */
		8CA81DCC25EB759C00DB5C44 /* Main.storyboard */ = {
			isa = PBXVariantGroup;
			children = (
				8CA81DCD25EB759C00DB5C44 /* Base */,
			);
			name = Main.storyboard;
			sourceTree = "<group>";
		};
		8CA81DD125EB759D00DB5C44 /* LaunchScreen.storyboard */ = {
			isa = PBXVariantGroup;
			children = (
				8CA81DD225EB759D00DB5C44 /* Base */,
			);
			name = LaunchScreen.storyboard;
			sourceTree = "<group>";
		};
/* End PBXVariantGroup section */

/* Begin XCBuildConfiguration section */
		8CA81DEB25EB759D00DB5C44 /* Debug */ = {
			isa = XCBuildConfiguration;
			buildSettings = {
				ALWAYS_SEARCH_USER_PATHS = NO;
				CLANG_ANALYZER_NONNULL = YES;
				CLANG_ANALYZER_NUMBER_OBJECT_CONVERSION = YES_AGGRESSIVE;
				CLANG_CXX_LANGUAGE_STANDARD = "gnu++14";
				CLANG_CXX_LIBRARY = "libc++";
				CLANG_ENABLE_MODULES = YES;
				CLANG_ENABLE_OBJC_ARC = YES;
				CLANG_ENABLE_OBJC_WEAK = YES;
				CLANG_WARN_BLOCK_CAPTURE_AUTORELEASING = YES;
				CLANG_WARN_BOOL_CONVERSION = YES;
				CLANG_WARN_COMMA = YES;
				CLANG_WARN_CONSTANT_CONVERSION = YES;
				CLANG_WARN_DEPRECATED_OBJC_IMPLEMENTATIONS = YES;
				CLANG_WARN_DIRECT_OBJC_ISA_USAGE = YES_ERROR;
				CLANG_WARN_DOCUMENTATION_COMMENTS = YES;
				CLANG_WARN_EMPTY_BODY = YES;
				CLANG_WARN_ENUM_CONVERSION = YES;
				CLANG_WARN_INFINITE_RECURSION = YES;
				CLANG_WARN_INT_CONVERSION = YES;
				CLANG_WARN_NON_LITERAL_NULL_CONVERSION = YES;
				CLANG_WARN_OBJC_IMPLICIT_RETAIN_SELF = YES;
				CLANG_WARN_OBJC_LITERAL_CONVERSION = YES;
				CLANG_WARN_OBJC_ROOT_CLASS = YES_ERROR;
				CLANG_WARN_QUOTED_INCLUDE_IN_FRAMEWORK_HEADER = YES;
				CLANG_WARN_RANGE_LOOP_ANALYSIS = YES;
				CLANG_WARN_STRICT_PROTOTYPES = YES;
				CLANG_WARN_SUSPICIOUS_MOVE = YES;
				CLANG_WARN_UNGUARDED_AVAILABILITY = YES_AGGRESSIVE;
				CLANG_WARN_UNREACHABLE_CODE = YES;
				CLANG_WARN__DUPLICATE_METHOD_MATCH = YES;
				COPY_PHASE_STRIP = NO;
				DEBUG_INFORMATION_FORMAT = dwarf;
				ENABLE_STRICT_OBJC_MSGSEND = YES;
				ENABLE_TESTABILITY = YES;
				GCC_C_LANGUAGE_STANDARD = gnu11;
				GCC_DYNAMIC_NO_PIC = NO;
				GCC_NO_COMMON_BLOCKS = YES;
				GCC_OPTIMIZATION_LEVEL = 0;
				GCC_PREPROCESSOR_DEFINITIONS = (
					"DEBUG=1",
					"$(inherited)",
				);
				GCC_WARN_64_TO_32_BIT_CONVERSION = YES;
				GCC_WARN_ABOUT_RETURN_TYPE = YES_ERROR;
				GCC_WARN_UNDECLARED_SELECTOR = YES;
				GCC_WARN_UNINITIALIZED_AUTOS = YES_AGGRESSIVE;
				GCC_WARN_UNUSED_FUNCTION = YES;
				GCC_WARN_UNUSED_VARIABLE = YES;
				IPHONEOS_DEPLOYMENT_TARGET = 14.4;
				MTL_ENABLE_DEBUG_INFO = INCLUDE_SOURCE;
				MTL_FAST_MATH = YES;
				ONLY_ACTIVE_ARCH = YES;
				SDKROOT = iphoneos;
				SWIFT_ACTIVE_COMPILATION_CONDITIONS = DEBUG;
				SWIFT_OPTIMIZATION_LEVEL = "-Onone";
			};
			name = Debug;
		};
		8CA81DEC25EB759D00DB5C44 /* Release */ = {
			isa = XCBuildConfiguration;
			buildSettings = {
				ALWAYS_SEARCH_USER_PATHS = NO;
				CLANG_ANALYZER_NONNULL = YES;
				CLANG_ANALYZER_NUMBER_OBJECT_CONVERSION = YES_AGGRESSIVE;
				CLANG_CXX_LANGUAGE_STANDARD = "gnu++14";
				CLANG_CXX_LIBRARY = "libc++";
				CLANG_ENABLE_MODULES = YES;
				CLANG_ENABLE_OBJC_ARC = YES;
				CLANG_ENABLE_OBJC_WEAK = YES;
				CLANG_WARN_BLOCK_CAPTURE_AUTORELEASING = YES;
				CLANG_WARN_BOOL_CONVERSION = YES;
				CLANG_WARN_COMMA = YES;
				CLANG_WARN_CONSTANT_CONVERSION = YES;
				CLANG_WARN_DEPRECATED_OBJC_IMPLEMENTATIONS = YES;
				CLANG_WARN_DIRECT_OBJC_ISA_USAGE = YES_ERROR;
				CLANG_WARN_DOCUMENTATION_COMMENTS = YES;
				CLANG_WARN_EMPTY_BODY = YES;
				CLANG_WARN_ENUM_CONVERSION = YES;
				CLANG_WARN_INFINITE_RECURSION = YES;
				CLANG_WARN_INT_CONVERSION = YES;
				CLANG_WARN_NON_LITERAL_NULL_CONVERSION = YES;
				CLANG_WARN_OBJC_IMPLICIT_RETAIN_SELF = YES;
				CLANG_WARN_OBJC_LITERAL_CONVERSION = YES;
				CLANG_WARN_OBJC_ROOT_CLASS = YES_ERROR;
				CLANG_WARN_QUOTED_INCLUDE_IN_FRAMEWORK_HEADER = YES;
				CLANG_WARN_RANGE_LOOP_ANALYSIS = YES;
				CLANG_WARN_STRICT_PROTOTYPES = YES;
				CLANG_WARN_SUSPICIOUS_MOVE = YES;
				CLANG_WARN_UNGUARDED_AVAILABILITY = YES_AGGRESSIVE;
				CLANG_WARN_UNREACHABLE_CODE = YES;
				CLANG_WARN__DUPLICATE_METHOD_MATCH = YES;
				COPY_PHASE_STRIP = NO;
				DEBUG_INFORMATION_FORMAT = "dwarf-with-dsym";
				ENABLE_NS_ASSERTIONS = NO;
				ENABLE_STRICT_OBJC_MSGSEND = YES;
				GCC_C_LANGUAGE_STANDARD = gnu11;
				GCC_NO_COMMON_BLOCKS = YES;
				GCC_WARN_64_TO_32_BIT_CONVERSION = YES;
				GCC_WARN_ABOUT_RETURN_TYPE = YES_ERROR;
				GCC_WARN_UNDECLARED_SELECTOR = YES;
				GCC_WARN_UNINITIALIZED_AUTOS = YES_AGGRESSIVE;
				GCC_WARN_UNUSED_FUNCTION = YES;
				GCC_WARN_UNUSED_VARIABLE = YES;
				IPHONEOS_DEPLOYMENT_TARGET = 14.4;
				MTL_ENABLE_DEBUG_INFO = NO;
				MTL_FAST_MATH = YES;
				SDKROOT = iphoneos;
				SWIFT_COMPILATION_MODE = wholemodule;
				SWIFT_OPTIMIZATION_LEVEL = "-O";
				VALIDATE_PRODUCT = YES;
			};
			name = Release;
		};
		8CA81DEE25EB759D00DB5C44 /* Debug */ = {
			isa = XCBuildConfiguration;
			buildSettings = {
				ASSETCATALOG_COMPILER_APPICON_NAME = AppIcon;
				ASSETCATALOG_COMPILER_GLOBAL_ACCENT_COLOR_NAME = AccentColor;
				CODE_SIGN_STYLE = Automatic;
				DEVELOPMENT_TEAM = CQYFUNACPH;
				INFOPLIST_FILE = cardview/Info.plist;
				LD_RUNPATH_SEARCH_PATHS = (
					"$(inherited)",
					"@executable_path/Frameworks",
				);
				PRODUCT_BUNDLE_IDENTIFIER = voscra.cardview;
				PRODUCT_NAME = "$(TARGET_NAME)";
				SWIFT_VERSION = 5.0;
				TARGETED_DEVICE_FAMILY = "1,2";
			};
			name = Debug;
		};
		8CA81DEF25EB759D00DB5C44 /* Release */ = {
			isa = XCBuildConfiguration;
			buildSettings = {
				ASSETCATALOG_COMPILER_APPICON_NAME = AppIcon;
				ASSETCATALOG_COMPILER_GLOBAL_ACCENT_COLOR_NAME = AccentColor;
				CODE_SIGN_STYLE = Automatic;
				DEVELOPMENT_TEAM = CQYFUNACPH;
				INFOPLIST_FILE = cardview/Info.plist;
				LD_RUNPATH_SEARCH_PATHS = (
					"$(inherited)",
					"@executable_path/Frameworks",
				);
				PRODUCT_BUNDLE_IDENTIFIER = voscra.cardview;
				PRODUCT_NAME = "$(TARGET_NAME)";
				SWIFT_VERSION = 5.0;
				TARGETED_DEVICE_FAMILY = "1,2";
			};
			name = Release;
		};
		8CA81DF125EB759D00DB5C44 /* Debug */ = {
			isa = XCBuildConfiguration;
			buildSettings = {
				ALWAYS_EMBED_SWIFT_STANDARD_LIBRARIES = YES;
				BUNDLE_LOADER = "$(TEST_HOST)";
				CODE_SIGN_STYLE = Automatic;
				DEVELOPMENT_TEAM = CQYFUNACPH;
				INFOPLIST_FILE = cardviewTests/Info.plist;
				IPHONEOS_DEPLOYMENT_TARGET = 14.4;
				LD_RUNPATH_SEARCH_PATHS = (
					"$(inherited)",
					"@executable_path/Frameworks",
					"@loader_path/Frameworks",
				);
				PRODUCT_BUNDLE_IDENTIFIER = voscra.cardviewTests;
				PRODUCT_NAME = "$(TARGET_NAME)";
				SWIFT_VERSION = 5.0;
				TARGETED_DEVICE_FAMILY = "1,2";
				TEST_HOST = "$(BUILT_PRODUCTS_DIR)/cardview.app/cardview";
			};
			name = Debug;
		};
		8CA81DF225EB759D00DB5C44 /* Release */ = {
			isa = XCBuildConfiguration;
			buildSettings = {
				ALWAYS_EMBED_SWIFT_STANDARD_LIBRARIES = YES;
				BUNDLE_LOADER = "$(TEST_HOST)";
				CODE_SIGN_STYLE = Automatic;
				DEVELOPMENT_TEAM = CQYFUNACPH;
				INFOPLIST_FILE = cardviewTests/Info.plist;
				IPHONEOS_DEPLOYMENT_TARGET = 14.4;
				LD_RUNPATH_SEARCH_PATHS = (
					"$(inherited)",
					"@executable_path/Frameworks",
					"@loader_path/Frameworks",
				);
				PRODUCT_BUNDLE_IDENTIFIER = voscra.cardviewTests;
				PRODUCT_NAME = "$(TARGET_NAME)";
				SWIFT_VERSION = 5.0;
				TARGETED_DEVICE_FAMILY = "1,2";
				TEST_HOST = "$(BUILT_PRODUCTS_DIR)/cardview.app/cardview";
			};
			name = Release;
		};
		8CA81DF425EB759D00DB5C44 /* Debug */ = {
			isa = XCBuildConfiguration;
			buildSettings = {
				ALWAYS_EMBED_SWIFT_STANDARD_LIBRARIES = YES;
				CODE_SIGN_STYLE = Automatic;
				DEVELOPMENT_TEAM = CQYFUNACPH;
				INFOPLIST_FILE = cardviewUITests/Info.plist;
				LD_RUNPATH_SEARCH_PATHS = (
					"$(inherited)",
					"@executable_path/Frameworks",
					"@loader_path/Frameworks",
				);
				PRODUCT_BUNDLE_IDENTIFIER = voscra.cardviewUITests;
				PRODUCT_NAME = "$(TARGET_NAME)";
				SWIFT_VERSION = 5.0;
				TARGETED_DEVICE_FAMILY = "1,2";
				TEST_TARGET_NAME = cardview;
			};
			name = Debug;
		};
		8CA81DF525EB759D00DB5C44 /* Release */ = {
			isa = XCBuildConfiguration;
			buildSettings = {
				ALWAYS_EMBED_SWIFT_STANDARD_LIBRARIES = YES;
				CODE_SIGN_STYLE = Automatic;
				DEVELOPMENT_TEAM = CQYFUNACPH;
				INFOPLIST_FILE = cardviewUITests/Info.plist;
				LD_RUNPATH_SEARCH_PATHS = (
					"$(inherited)",
					"@executable_path/Frameworks",
					"@loader_path/Frameworks",
				);
				PRODUCT_BUNDLE_IDENTIFIER = voscra.cardviewUITests;
				PRODUCT_NAME = "$(TARGET_NAME)";
				SWIFT_VERSION = 5.0;
				TARGETED_DEVICE_FAMILY = "1,2";
				TEST_TARGET_NAME = cardview;
			};
			name = Release;
		};
/* End XCBuildConfiguration section */

/* Begin XCConfigurationList section */
		8CA81DBE25EB759C00DB5C44 /* Build configuration list for PBXProject "cardview" */ = {
			isa = XCConfigurationList;
			buildConfigurations = (
				8CA81DEB25EB759D00DB5C44 /* Debug */,
				8CA81DEC25EB759D00DB5C44 /* Release */,
			);
			defaultConfigurationIsVisible = 0;
			defaultConfigurationName = Release;
		};
		8CA81DED25EB759D00DB5C44 /* Build configuration list for PBXNativeTarget "cardview" */ = {
			isa = XCConfigurationList;
			buildConfigurations = (
				8CA81DEE25EB759D00DB5C44 /* Debug */,
				8CA81DEF25EB759D00DB5C44 /* Release */,
			);
			defaultConfigurationIsVisible = 0;
			defaultConfigurationName = Release;
		};
		8CA81DF025EB759D00DB5C44 /* Build configuration list for PBXNativeTarget "cardviewTests" */ = {
			isa = XCConfigurationList;
			buildConfigurations = (
				8CA81DF125EB759D00DB5C44 /* Debug */,
				8CA81DF225EB759D00DB5C44 /* Release */,
			);
			defaultConfigurationIsVisible = 0;
			defaultConfigurationName = Release;
		};
		8CA81DF325EB759D00DB5C44 /* Build configuration list for PBXNativeTarget "cardviewUITests" */ = {
			isa = XCConfigurationList;
			buildConfigurations = (
				8CA81DF425EB759D00DB5C44 /* Debug */,
				8CA81DF525EB759D00DB5C44 /* Release */,
			);
			defaultConfigurationIsVisible = 0;
			defaultConfigurationName = Release;
		};
/* End XCConfigurationList section */
	};
	rootObject = 8CA81DBB25EB759C00DB5C44 /* Project object */;
}
